// !$*UTF8*$!
{
	archiveVersion = 1;
	classes = {
	};
	objectVersion = 55;
	objects = {

/* Begin PBXBuildFile section */
		7511501A284CF7DA002301A0 /* CollectionCellViewController.swift in Sources */ = {isa = PBXBuildFile; fileRef = 75115019284CF7DA002301A0 /* CollectionCellViewController.swift */; };
		75115022284CFA1D002301A0 /* CollectionTableViewCell.swift in Sources */ = {isa = PBXBuildFile; fileRef = 75115020284CFA1D002301A0 /* CollectionTableViewCell.swift */; };
		75115023284CFA1D002301A0 /* CollectionTableViewCell.xib in Resources */ = {isa = PBXBuildFile; fileRef = 75115021284CFA1D002301A0 /* CollectionTableViewCell.xib */; };
		75115026284CFA33002301A0 /* MyCollectionViewCell.swift in Sources */ = {isa = PBXBuildFile; fileRef = 75115024284CFA33002301A0 /* MyCollectionViewCell.swift */; };
		75115027284CFA33002301A0 /* MyCollectionViewCell.xib in Resources */ = {isa = PBXBuildFile; fileRef = 75115025284CFA33002301A0 /* MyCollectionViewCell.xib */; };
		75115029284CFB10002301A0 /* Model.swift in Sources */ = {isa = PBXBuildFile; fileRef = 75115028284CFB10002301A0 /* Model.swift */; };
		7531903D2859AF5C006E262C /* MultipleViewController.swift in Sources */ = {isa = PBXBuildFile; fileRef = 7531903C2859AF5C006E262C /* MultipleViewController.swift */; };
		7531903F2859B0BE006E262C /* SimpleTableViewCell.swift in Sources */ = {isa = PBXBuildFile; fileRef = 7531903E2859B0BE006E262C /* SimpleTableViewCell.swift */; };
		753190422859B169006E262C /* ImageTableViewCell.swift in Sources */ = {isa = PBXBuildFile; fileRef = 753190402859B169006E262C /* ImageTableViewCell.swift */; };
		753190432859B169006E262C /* ImageTableViewCell.xib in Resources */ = {isa = PBXBuildFile; fileRef = 753190412859B169006E262C /* ImageTableViewCell.xib */; };
		753190452859B54B006E262C /* CodedTableViewCell.swift in Sources */ = {isa = PBXBuildFile; fileRef = 753190442859B54B006E262C /* CodedTableViewCell.swift */; };
		753DDCA828586101003BA7CA /* InstagramViewController.swift in Sources */ = {isa = PBXBuildFile; fileRef = 753DDCA728586101003BA7CA /* InstagramViewController.swift */; };
		753DDCAD285862EE003BA7CA /* PostTableViewCell.swift in Sources */ = {isa = PBXBuildFile; fileRef = 753DDCAB285862EE003BA7CA /* PostTableViewCell.swift */; };
		753DDCAE285862EE003BA7CA /* PostTableViewCell.xib in Resources */ = {isa = PBXBuildFile; fileRef = 753DDCAC285862EE003BA7CA /* PostTableViewCell.xib */; };
		753DDCB0285865D1003BA7CA /* InstagramPost.swift in Sources */ = {isa = PBXBuildFile; fileRef = 753DDCAF285865D1003BA7CA /* InstagramPost.swift */; };
		75472387284CCDFE00D3FD12 /* AppDelegate.swift in Sources */ = {isa = PBXBuildFile; fileRef = 75472386284CCDFE00D3FD12 /* AppDelegate.swift */; };
		75472389284CCDFE00D3FD12 /* SceneDelegate.swift in Sources */ = {isa = PBXBuildFile; fileRef = 75472388284CCDFE00D3FD12 /* SceneDelegate.swift */; };
		7547238E284CCDFE00D3FD12 /* Main.storyboard in Resources */ = {isa = PBXBuildFile; fileRef = 7547238C284CCDFE00D3FD12 /* Main.storyboard */; };
		75472390284CCE0200D3FD12 /* Assets.xcassets in Resources */ = {isa = PBXBuildFile; fileRef = 7547238F284CCE0200D3FD12 /* Assets.xcassets */; };
		75472393284CCE0200D3FD12 /* LaunchScreen.storyboard in Resources */ = {isa = PBXBuildFile; fileRef = 75472391284CCE0200D3FD12 /* LaunchScreen.storyboard */; };
		7547239C284CCEFE00D3FD12 /* ContactsViewController.swift in Sources */ = {isa = PBXBuildFile; fileRef = 7547239B284CCEFE00D3FD12 /* ContactsViewController.swift */; };
		7547239F284CD59400D3FD12 /* TestViewController.swift in Sources */ = {isa = PBXBuildFile; fileRef = 7547239E284CD59400D3FD12 /* TestViewController.swift */; };
		754723A2284CDB9100D3FD12 /* DemoTableViewCell.swift in Sources */ = {isa = PBXBuildFile; fileRef = 754723A0284CDB9100D3FD12 /* DemoTableViewCell.swift */; };
		754723A3284CDB9100D3FD12 /* DemoTableViewCell.xib in Resources */ = {isa = PBXBuildFile; fileRef = 754723A1284CDB9100D3FD12 /* DemoTableViewCell.xib */; };
		754723A6284CE09A00D3FD12 /* CustomCellsViewController.swift in Sources */ = {isa = PBXBuildFile; fileRef = 754723A5284CE09A00D3FD12 /* CustomCellsViewController.swift */; };
		754723AA284CE33C00D3FD12 /* MyTableViewCell.swift in Sources */ = {isa = PBXBuildFile; fileRef = 754723A8284CE33C00D3FD12 /* MyTableViewCell.swift */; };
		754723AB284CE33C00D3FD12 /* MyTableViewCell.xib in Resources */ = {isa = PBXBuildFile; fileRef = 754723A9284CE33C00D3FD12 /* MyTableViewCell.xib */; };
		754723AE284CE6FE00D3FD12 /* FieldTableViewCell.swift in Sources */ = {isa = PBXBuildFile; fileRef = 754723AC284CE6FE00D3FD12 /* FieldTableViewCell.swift */; };
		754723AF284CE6FF00D3FD12 /* FieldTableViewCell.xib in Resources */ = {isa = PBXBuildFile; fileRef = 754723AD284CE6FE00D3FD12 /* FieldTableViewCell.xib */; };
		759F83E12852206900CAE74F /* MyTableViewController.swift in Sources */ = {isa = PBXBuildFile; fileRef = 759F83E02852206900CAE74F /* MyTableViewController.swift */; };
		759F83E32852213600CAE74F /* MyViewController.swift in Sources */ = {isa = PBXBuildFile; fileRef = 759F83E22852213600CAE74F /* MyViewController.swift */; };
		75DA338A284E3D9F001AF2FE /* SearchViewController.swift in Sources */ = {isa = PBXBuildFile; fileRef = 75DA3389284E3D9F001AF2FE /* SearchViewController.swift */; };
/* End PBXBuildFile section */

/* Begin PBXFileReference section */
		75115019284CF7DA002301A0 /* CollectionCellViewController.swift */ = {isa = PBXFileReference; lastKnownFileType = sourcecode.swift; path = CollectionCellViewController.swift; sourceTree = "<group>"; };
		75115020284CFA1D002301A0 /* CollectionTableViewCell.swift */ = {isa = PBXFileReference; lastKnownFileType = sourcecode.swift; path = CollectionTableViewCell.swift; sourceTree = "<group>"; };
		75115021284CFA1D002301A0 /* CollectionTableViewCell.xib */ = {isa = PBXFileReference; lastKnownFileType = file.xib; path = CollectionTableViewCell.xib; sourceTree = "<group>"; };
		75115024284CFA33002301A0 /* MyCollectionViewCell.swift */ = {isa = PBXFileReference; lastKnownFileType = sourcecode.swift; path = MyCollectionViewCell.swift; sourceTree = "<group>"; };
		75115025284CFA33002301A0 /* MyCollectionViewCell.xib */ = {isa = PBXFileReference; lastKnownFileType = file.xib; path = MyCollectionViewCell.xib; sourceTree = "<group>"; };
		75115028284CFB10002301A0 /* Model.swift */ = {isa = PBXFileReference; lastKnownFileType = sourcecode.swift; path = Model.swift; sourceTree = "<group>"; };
		7531903C2859AF5C006E262C /* MultipleViewController.swift */ = {isa = PBXFileReference; lastKnownFileType = sourcecode.swift; path = MultipleViewController.swift; sourceTree = "<group>"; };
		7531903E2859B0BE006E262C /* SimpleTableViewCell.swift */ = {isa = PBXFileReference; lastKnownFileType = sourcecode.swift; path = SimpleTableViewCell.swift; sourceTree = "<group>"; };
		753190402859B169006E262C /* ImageTableViewCell.swift */ = {isa = PBXFileReference; lastKnownFileType = sourcecode.swift; path = ImageTableViewCell.swift; sourceTree = "<group>"; };
		753190412859B169006E262C /* ImageTableViewCell.xib */ = {isa = PBXFileReference; lastKnownFileType = file.xib; path = ImageTableViewCell.xib; sourceTree = "<group>"; };
		753190442859B54B006E262C /* CodedTableViewCell.swift */ = {isa = PBXFileReference; lastKnownFileType = sourcecode.swift; path = CodedTableViewCell.swift; sourceTree = "<group>"; };
		753DDCA728586101003BA7CA /* InstagramViewController.swift */ = {isa = PBXFileReference; lastKnownFileType = sourcecode.swift; path = InstagramViewController.swift; sourceTree = "<group>"; };
		753DDCAB285862EE003BA7CA /* PostTableViewCell.swift */ = {isa = PBXFileReference; lastKnownFileType = sourcecode.swift; path = PostTableViewCell.swift; sourceTree = "<group>"; };
		753DDCAC285862EE003BA7CA /* PostTableViewCell.xib */ = {isa = PBXFileReference; lastKnownFileType = file.xib; path = PostTableViewCell.xib; sourceTree = "<group>"; };
		753DDCAF285865D1003BA7CA /* InstagramPost.swift */ = {isa = PBXFileReference; lastKnownFileType = sourcecode.swift; path = InstagramPost.swift; sourceTree = "<group>"; };
		75472383284CCDFE00D3FD12 /* TableView_Lessons_IOSAcademy.app */ = {isa = PBXFileReference; explicitFileType = wrapper.application; includeInIndex = 0; path = TableView_Lessons_IOSAcademy.app; sourceTree = BUILT_PRODUCTS_DIR; };
		75472386284CCDFE00D3FD12 /* AppDelegate.swift */ = {isa = PBXFileReference; lastKnownFileType = sourcecode.swift; path = AppDelegate.swift; sourceTree = "<group>"; };
		75472388284CCDFE00D3FD12 /* SceneDelegate.swift */ = {isa = PBXFileReference; lastKnownFileType = sourcecode.swift; path = SceneDelegate.swift; sourceTree = "<group>"; };
		7547238D284CCDFE00D3FD12 /* Base */ = {isa = PBXFileReference; lastKnownFileType = file.storyboard; name = Base; path = Base.lproj/Main.storyboard; sourceTree = "<group>"; };
		7547238F284CCE0200D3FD12 /* Assets.xcassets */ = {isa = PBXFileReference; lastKnownFileType = folder.assetcatalog; path = Assets.xcassets; sourceTree = "<group>"; };
		75472392284CCE0200D3FD12 /* Base */ = {isa = PBXFileReference; lastKnownFileType = file.storyboard; name = Base; path = Base.lproj/LaunchScreen.storyboard; sourceTree = "<group>"; };
		75472394284CCE0200D3FD12 /* Info.plist */ = {isa = PBXFileReference; lastKnownFileType = text.plist.xml; path = Info.plist; sourceTree = "<group>"; };
		7547239B284CCEFE00D3FD12 /* ContactsViewController.swift */ = {isa = PBXFileReference; lastKnownFileType = sourcecode.swift; path = ContactsViewController.swift; sourceTree = "<group>"; };
		7547239E284CD59400D3FD12 /* TestViewController.swift */ = {isa = PBXFileReference; lastKnownFileType = sourcecode.swift; path = TestViewController.swift; sourceTree = "<group>"; };
		754723A0284CDB9100D3FD12 /* DemoTableViewCell.swift */ = {isa = PBXFileReference; lastKnownFileType = sourcecode.swift; path = DemoTableViewCell.swift; sourceTree = "<group>"; };
		754723A1284CDB9100D3FD12 /* DemoTableViewCell.xib */ = {isa = PBXFileReference; lastKnownFileType = file.xib; path = DemoTableViewCell.xib; sourceTree = "<group>"; };
		754723A5284CE09A00D3FD12 /* CustomCellsViewController.swift */ = {isa = PBXFileReference; lastKnownFileType = sourcecode.swift; path = CustomCellsViewController.swift; sourceTree = "<group>"; };
		754723A8284CE33C00D3FD12 /* MyTableViewCell.swift */ = {isa = PBXFileReference; lastKnownFileType = sourcecode.swift; path = MyTableViewCell.swift; sourceTree = "<group>"; };
		754723A9284CE33C00D3FD12 /* MyTableViewCell.xib */ = {isa = PBXFileReference; lastKnownFileType = file.xib; path = MyTableViewCell.xib; sourceTree = "<group>"; };
		754723AC284CE6FE00D3FD12 /* FieldTableViewCell.swift */ = {isa = PBXFileReference; lastKnownFileType = sourcecode.swift; path = FieldTableViewCell.swift; sourceTree = "<group>"; };
		754723AD284CE6FE00D3FD12 /* FieldTableViewCell.xib */ = {isa = PBXFileReference; lastKnownFileType = file.xib; path = FieldTableViewCell.xib; sourceTree = "<group>"; };
		759F83E02852206900CAE74F /* MyTableViewController.swift */ = {isa = PBXFileReference; lastKnownFileType = sourcecode.swift; path = MyTableViewController.swift; sourceTree = "<group>"; };
		759F83E22852213600CAE74F /* MyViewController.swift */ = {isa = PBXFileReference; lastKnownFileType = sourcecode.swift; path = MyViewController.swift; sourceTree = "<group>"; };
		75DA3389284E3D9F001AF2FE /* SearchViewController.swift */ = {isa = PBXFileReference; lastKnownFileType = sourcecode.swift; path = SearchViewController.swift; sourceTree = "<group>"; };
/* End PBXFileReference section */

/* Begin PBXFrameworksBuildPhase section */
		75472380284CCDFE00D3FD12 /* Frameworks */ = {
			isa = PBXFrameworksBuildPhase;
			buildActionMask = 2147483647;
			files = (
			);
			runOnlyForDeploymentPostprocessing = 0;
		};
/* End PBXFrameworksBuildPhase section */

/* Begin PBXGroup section */
		7511501B284CF9BD002301A0 /* CollectionCells */ = {
			isa = PBXGroup;
			children = (
				75115024284CFA33002301A0 /* MyCollectionViewCell.swift */,
				75115025284CFA33002301A0 /* MyCollectionViewCell.xib */,
			);
			path = CollectionCells;
			sourceTree = "<group>";
		};
		7511501C284CF9CC002301A0 /* TableCells */ = {
			isa = PBXGroup;
			children = (
				75115020284CFA1D002301A0 /* CollectionTableViewCell.swift */,
				75115021284CFA1D002301A0 /* CollectionTableViewCell.xib */,
			);
			path = TableCells;
			sourceTree = "<group>";
		};
		7531903B2859AE99006E262C /* MultipleCustomCell */ = {
			isa = PBXGroup;
			children = (
				7531903C2859AF5C006E262C /* MultipleViewController.swift */,
				753190402859B169006E262C /* ImageTableViewCell.swift */,
				753190412859B169006E262C /* ImageTableViewCell.xib */,
				753190442859B54B006E262C /* CodedTableViewCell.swift */,
				7531903E2859B0BE006E262C /* SimpleTableViewCell.swift */,
			);
			path = MultipleCustomCell;
			sourceTree = "<group>";
		};
		753DDCA628585FDE003BA7CA /* InstagramFeed */ = {
			isa = PBXGroup;
			children = (
				753DDCA728586101003BA7CA /* InstagramViewController.swift */,
				753DDCAB285862EE003BA7CA /* PostTableViewCell.swift */,
				753DDCAC285862EE003BA7CA /* PostTableViewCell.xib */,
				753DDCAF285865D1003BA7CA /* InstagramPost.swift */,
			);
			path = InstagramFeed;
			sourceTree = "<group>";
		};
		7547237A284CCDFE00D3FD12 = {
			isa = PBXGroup;
			children = (
				75472385284CCDFE00D3FD12 /* TableView_Lessons_IOSAcademy */,
				75472384284CCDFE00D3FD12 /* Products */,
			);
			sourceTree = "<group>";
		};
		75472384284CCDFE00D3FD12 /* Products */ = {
			isa = PBXGroup;
			children = (
				75472383284CCDFE00D3FD12 /* TableView_Lessons_IOSAcademy.app */,
			);
			name = Products;
			sourceTree = "<group>";
		};
		75472385284CCDFE00D3FD12 /* TableView_Lessons_IOSAcademy */ = {
			isa = PBXGroup;
			children = (
				75472386284CCDFE00D3FD12 /* AppDelegate.swift */,
				75472388284CCDFE00D3FD12 /* SceneDelegate.swift */,
				7531903B2859AE99006E262C /* MultipleCustomCell */,
				753DDCA628585FDE003BA7CA /* InstagramFeed */,
				7547239A284CCE6C00D3FD12 /* Contacts */,
				7547239D284CD56C00D3FD12 /* Test */,
				754723A4284CE05500D3FD12 /* CustomCells */,
				754723B3284CF75100D3FD12 /* CollectionCell */,
				75DA3388284E3CC6001AF2FE /* SearchableTableView */,
				759F83DD28521FC100CAE74F /* OneTableViewController */,
				7547238C284CCDFE00D3FD12 /* Main.storyboard */,
				7547238F284CCE0200D3FD12 /* Assets.xcassets */,
				75472391284CCE0200D3FD12 /* LaunchScreen.storyboard */,
				75472394284CCE0200D3FD12 /* Info.plist */,
			);
			path = TableView_Lessons_IOSAcademy;
			sourceTree = "<group>";
		};
		7547239A284CCE6C00D3FD12 /* Contacts */ = {
			isa = PBXGroup;
			children = (
				7547239B284CCEFE00D3FD12 /* ContactsViewController.swift */,
			);
			path = Contacts;
			sourceTree = "<group>";
		};
		7547239D284CD56C00D3FD12 /* Test */ = {
			isa = PBXGroup;
			children = (
				7547239E284CD59400D3FD12 /* TestViewController.swift */,
				754723A0284CDB9100D3FD12 /* DemoTableViewCell.swift */,
				754723A1284CDB9100D3FD12 /* DemoTableViewCell.xib */,
			);
			path = Test;
			sourceTree = "<group>";
		};
		754723A4284CE05500D3FD12 /* CustomCells */ = {
			isa = PBXGroup;
			children = (
				754723A5284CE09A00D3FD12 /* CustomCellsViewController.swift */,
				754723B0284CE70400D3FD12 /* MeTableViewCell */,
				754723B2284CE72100D3FD12 /* FieldTableViewCell */,
			);
			path = CustomCells;
			sourceTree = "<group>";
		};
		754723B0284CE70400D3FD12 /* MeTableViewCell */ = {
			isa = PBXGroup;
			children = (
				754723A8284CE33C00D3FD12 /* MyTableViewCell.swift */,
				754723A9284CE33C00D3FD12 /* MyTableViewCell.xib */,
			);
			path = MeTableViewCell;
			sourceTree = "<group>";
		};
		754723B2284CE72100D3FD12 /* FieldTableViewCell */ = {
			isa = PBXGroup;
			children = (
				754723AC284CE6FE00D3FD12 /* FieldTableViewCell.swift */,
				754723AD284CE6FE00D3FD12 /* FieldTableViewCell.xib */,
			);
			path = FieldTableViewCell;
			sourceTree = "<group>";
		};
		754723B3284CF75100D3FD12 /* CollectionCell */ = {
			isa = PBXGroup;
			children = (
				7511501C284CF9CC002301A0 /* TableCells */,
				7511501B284CF9BD002301A0 /* CollectionCells */,
				75115019284CF7DA002301A0 /* CollectionCellViewController.swift */,
				75115028284CFB10002301A0 /* Model.swift */,
			);
			path = CollectionCell;
			sourceTree = "<group>";
		};
		759F83DD28521FC100CAE74F /* OneTableViewController */ = {
			isa = PBXGroup;
			children = (
				759F83E22852213600CAE74F /* MyViewController.swift */,
				759F83E02852206900CAE74F /* MyTableViewController.swift */,
			);
			path = OneTableViewController;
			sourceTree = "<group>";
		};
		75DA3388284E3CC6001AF2FE /* SearchableTableView */ = {
			isa = PBXGroup;
			children = (
				75DA3389284E3D9F001AF2FE /* SearchViewController.swift */,
			);
			path = SearchableTableView;
			sourceTree = "<group>";
		};
/* End PBXGroup section */

/* Begin PBXNativeTarget section */
		75472382284CCDFE00D3FD12 /* TableView_Lessons_IOSAcademy */ = {
			isa = PBXNativeTarget;
			buildConfigurationList = 75472397284CCE0200D3FD12 /* Build configuration list for PBXNativeTarget "TableView_Lessons_IOSAcademy" */;
			buildPhases = (
				7547237F284CCDFE00D3FD12 /* Sources */,
				75472380284CCDFE00D3FD12 /* Frameworks */,
				75472381284CCDFE00D3FD12 /* Resources */,
			);
			buildRules = (
			);
			dependencies = (
			);
			name = TableView_Lessons_IOSAcademy;
			productName = TableView_Lessons_IOSAcademy;
			productReference = 75472383284CCDFE00D3FD12 /* TableView_Lessons_IOSAcademy.app */;
			productType = "com.apple.product-type.application";
		};
/* End PBXNativeTarget section */

/* Begin PBXProject section */
		7547237B284CCDFE00D3FD12 /* Project object */ = {
			isa = PBXProject;
			attributes = {
				BuildIndependentTargetsInParallel = 1;
				LastSwiftUpdateCheck = 1340;
				LastUpgradeCheck = 1340;
				TargetAttributes = {
					75472382284CCDFE00D3FD12 = {
						CreatedOnToolsVersion = 13.4.1;
					};
				};
			};
			buildConfigurationList = 7547237E284CCDFE00D3FD12 /* Build configuration list for PBXProject "TableView_Lessons_IOSAcademy" */;
			compatibilityVersion = "Xcode 13.0";
			developmentRegion = en;
			hasScannedForEncodings = 0;
			knownRegions = (
				en,
				Base,
			);
			mainGroup = 7547237A284CCDFE00D3FD12;
			productRefGroup = 75472384284CCDFE00D3FD12 /* Products */;
			projectDirPath = "";
			projectRoot = "";
			targets = (
				75472382284CCDFE00D3FD12 /* TableView_Lessons_IOSAcademy */,
			);
		};
/* End PBXProject section */

/* Begin PBXResourcesBuildPhase section */
		75472381284CCDFE00D3FD12 /* Resources */ = {
			isa = PBXResourcesBuildPhase;
			buildActionMask = 2147483647;
			files = (
				75115023284CFA1D002301A0 /* CollectionTableViewCell.xib in Resources */,
				754723AB284CE33C00D3FD12 /* MyTableViewCell.xib in Resources */,
				75472393284CCE0200D3FD12 /* LaunchScreen.storyboard in Resources */,
				753DDCAE285862EE003BA7CA /* PostTableViewCell.xib in Resources */,
				754723AF284CE6FF00D3FD12 /* FieldTableViewCell.xib in Resources */,
				753190432859B169006E262C /* ImageTableViewCell.xib in Resources */,
				75472390284CCE0200D3FD12 /* Assets.xcassets in Resources */,
				754723A3284CDB9100D3FD12 /* DemoTableViewCell.xib in Resources */,
				75115027284CFA33002301A0 /* MyCollectionViewCell.xib in Resources */,
				7547238E284CCDFE00D3FD12 /* Main.storyboard in Resources */,
			);
			runOnlyForDeploymentPostprocessing = 0;
		};
/* End PBXResourcesBuildPhase section */

/* Begin PBXSourcesBuildPhase section */
		7547237F284CCDFE00D3FD12 /* Sources */ = {
			isa = PBXSourcesBuildPhase;
			buildActionMask = 2147483647;
			files = (
				753190422859B169006E262C /* ImageTableViewCell.swift in Sources */,
				753190452859B54B006E262C /* CodedTableViewCell.swift in Sources */,
				75115026284CFA33002301A0 /* MyCollectionViewCell.swift in Sources */,
				759F83E12852206900CAE74F /* MyTableViewController.swift in Sources */,
				753DDCAD285862EE003BA7CA /* PostTableViewCell.swift in Sources */,
				754723AA284CE33C00D3FD12 /* MyTableViewCell.swift in Sources */,
				753DDCB0285865D1003BA7CA /* InstagramPost.swift in Sources */,
				7547239C284CCEFE00D3FD12 /* ContactsViewController.swift in Sources */,
				75115029284CFB10002301A0 /* Model.swift in Sources */,
				754723AE284CE6FE00D3FD12 /* FieldTableViewCell.swift in Sources */,
				7531903D2859AF5C006E262C /* MultipleViewController.swift in Sources */,
				75472387284CCDFE00D3FD12 /* AppDelegate.swift in Sources */,
				7547239F284CD59400D3FD12 /* TestViewController.swift in Sources */,
				75115022284CFA1D002301A0 /* CollectionTableViewCell.swift in Sources */,
				75DA338A284E3D9F001AF2FE /* SearchViewController.swift in Sources */,
				7531903F2859B0BE006E262C /* SimpleTableViewCell.swift in Sources */,
				754723A2284CDB9100D3FD12 /* DemoTableViewCell.swift in Sources */,
				7511501A284CF7DA002301A0 /* CollectionCellViewController.swift in Sources */,
				75472389284CCDFE00D3FD12 /* SceneDelegate.swift in Sources */,
				753DDCA828586101003BA7CA /* InstagramViewController.swift in Sources */,
				759F83E32852213600CAE74F /* MyViewController.swift in Sources */,
				754723A6284CE09A00D3FD12 /* CustomCellsViewController.swift in Sources */,
			);
			runOnlyForDeploymentPostprocessing = 0;
		};
/* End PBXSourcesBuildPhase section */

/* Begin PBXVariantGroup section */
		7547238C284CCDFE00D3FD12 /* Main.storyboard */ = {
			isa = PBXVariantGroup;
			children = (
				7547238D284CCDFE00D3FD12 /* Base */,
			);
			name = Main.storyboard;
			sourceTree = "<group>";
		};
		75472391284CCE0200D3FD12 /* LaunchScreen.storyboard */ = {
			isa = PBXVariantGroup;
			children = (
				75472392284CCE0200D3FD12 /* Base */,
			);
			name = LaunchScreen.storyboard;
			sourceTree = "<group>";
		};
/* End PBXVariantGroup section */

/* Begin XCBuildConfiguration section */
		75472395284CCE0200D3FD12 /* Debug */ = {
			isa = XCBuildConfiguration;
			buildSettings = {
				ALWAYS_SEARCH_USER_PATHS = NO;
				CLANG_ANALYZER_NONNULL = YES;
				CLANG_ANALYZER_NUMBER_OBJECT_CONVERSION = YES_AGGRESSIVE;
				CLANG_CXX_LANGUAGE_STANDARD = "gnu++17";
				CLANG_ENABLE_MODULES = YES;
				CLANG_ENABLE_OBJC_ARC = YES;
				CLANG_ENABLE_OBJC_WEAK = YES;
				CLANG_WARN_BLOCK_CAPTURE_AUTORELEASING = YES;
				CLANG_WARN_BOOL_CONVERSION = YES;
				CLANG_WARN_COMMA = YES;
				CLANG_WARN_CONSTANT_CONVERSION = YES;
				CLANG_WARN_DEPRECATED_OBJC_IMPLEMENTATIONS = YES;
				CLANG_WARN_DIRECT_OBJC_ISA_USAGE = YES_ERROR;
				CLANG_WARN_DOCUMENTATION_COMMENTS = YES;
				CLANG_WARN_EMPTY_BODY = YES;
				CLANG_WARN_ENUM_CONVERSION = YES;
				CLANG_WARN_INFINITE_RECURSION = YES;
				CLANG_WARN_INT_CONVERSION = YES;
				CLANG_WARN_NON_LITERAL_NULL_CONVERSION = YES;
				CLANG_WARN_OBJC_IMPLICIT_RETAIN_SELF = YES;
				CLANG_WARN_OBJC_LITERAL_CONVERSION = YES;
				CLANG_WARN_OBJC_ROOT_CLASS = YES_ERROR;
				CLANG_WARN_QUOTED_INCLUDE_IN_FRAMEWORK_HEADER = YES;
				CLANG_WARN_RANGE_LOOP_ANALYSIS = YES;
				CLANG_WARN_STRICT_PROTOTYPES = YES;
				CLANG_WARN_SUSPICIOUS_MOVE = YES;
				CLANG_WARN_UNGUARDED_AVAILABILITY = YES_AGGRESSIVE;
				CLANG_WARN_UNREACHABLE_CODE = YES;
				CLANG_WARN__DUPLICATE_METHOD_MATCH = YES;
				COPY_PHASE_STRIP = NO;
				DEBUG_INFORMATION_FORMAT = dwarf;
				ENABLE_STRICT_OBJC_MSGSEND = YES;
				ENABLE_TESTABILITY = YES;
				GCC_C_LANGUAGE_STANDARD = gnu11;
				GCC_DYNAMIC_NO_PIC = NO;
				GCC_NO_COMMON_BLOCKS = YES;
				GCC_OPTIMIZATION_LEVEL = 0;
				GCC_PREPROCESSOR_DEFINITIONS = (
					"DEBUG=1",
					"$(inherited)",
				);
				GCC_WARN_64_TO_32_BIT_CONVERSION = YES;
				GCC_WARN_ABOUT_RETURN_TYPE = YES_ERROR;
				GCC_WARN_UNDECLARED_SELECTOR = YES;
				GCC_WARN_UNINITIALIZED_AUTOS = YES_AGGRESSIVE;
				GCC_WARN_UNUSED_FUNCTION = YES;
				GCC_WARN_UNUSED_VARIABLE = YES;
				IPHONEOS_DEPLOYMENT_TARGET = 15.5;
				MTL_ENABLE_DEBUG_INFO = INCLUDE_SOURCE;
				MTL_FAST_MATH = YES;
				ONLY_ACTIVE_ARCH = YES;
				SDKROOT = iphoneos;
				SWIFT_ACTIVE_COMPILATION_CONDITIONS = DEBUG;
				SWIFT_OPTIMIZATION_LEVEL = "-Onone";
			};
			name = Debug;
		};
		75472396284CCE0200D3FD12 /* Release */ = {
			isa = XCBuildConfiguration;
			buildSettings = {
				ALWAYS_SEARCH_USER_PATHS = NO;
				CLANG_ANALYZER_NONNULL = YES;
				CLANG_ANALYZER_NUMBER_OBJECT_CONVERSION = YES_AGGRESSIVE;
				CLANG_CXX_LANGUAGE_STANDARD = "gnu++17";
				CLANG_ENABLE_MODULES = YES;
				CLANG_ENABLE_OBJC_ARC = YES;
				CLANG_ENABLE_OBJC_WEAK = YES;
				CLANG_WARN_BLOCK_CAPTURE_AUTORELEASING = YES;
				CLANG_WARN_BOOL_CONVERSION = YES;
				CLANG_WARN_COMMA = YES;
				CLANG_WARN_CONSTANT_CONVERSION = YES;
				CLANG_WARN_DEPRECATED_OBJC_IMPLEMENTATIONS = YES;
				CLANG_WARN_DIRECT_OBJC_ISA_USAGE = YES_ERROR;
				CLANG_WARN_DOCUMENTATION_COMMENTS = YES;
				CLANG_WARN_EMPTY_BODY = YES;
				CLANG_WARN_ENUM_CONVERSION = YES;
				CLANG_WARN_INFINITE_RECURSION = YES;
				CLANG_WARN_INT_CONVERSION = YES;
				CLANG_WARN_NON_LITERAL_NULL_CONVERSION = YES;
				CLANG_WARN_OBJC_IMPLICIT_RETAIN_SELF = YES;
				CLANG_WARN_OBJC_LITERAL_CONVERSION = YES;
				CLANG_WARN_OBJC_ROOT_CLASS = YES_ERROR;
				CLANG_WARN_QUOTED_INCLUDE_IN_FRAMEWORK_HEADER = YES;
				CLANG_WARN_RANGE_LOOP_ANALYSIS = YES;
				CLANG_WARN_STRICT_PROTOTYPES = YES;
				CLANG_WARN_SUSPICIOUS_MOVE = YES;
				CLANG_WARN_UNGUARDED_AVAILABILITY = YES_AGGRESSIVE;
				CLANG_WARN_UNREACHABLE_CODE = YES;
				CLANG_WARN__DUPLICATE_METHOD_MATCH = YES;
				COPY_PHASE_STRIP = NO;
				DEBUG_INFORMATION_FORMAT = "dwarf-with-dsym";
				ENABLE_NS_ASSERTIONS = NO;
				ENABLE_STRICT_OBJC_MSGSEND = YES;
				GCC_C_LANGUAGE_STANDARD = gnu11;
				GCC_NO_COMMON_BLOCKS = YES;
				GCC_WARN_64_TO_32_BIT_CONVERSION = YES;
				GCC_WARN_ABOUT_RETURN_TYPE = YES_ERROR;
				GCC_WARN_UNDECLARED_SELECTOR = YES;
				GCC_WARN_UNINITIALIZED_AUTOS = YES_AGGRESSIVE;
				GCC_WARN_UNUSED_FUNCTION = YES;
				GCC_WARN_UNUSED_VARIABLE = YES;
				IPHONEOS_DEPLOYMENT_TARGET = 15.5;
				MTL_ENABLE_DEBUG_INFO = NO;
				MTL_FAST_MATH = YES;
				SDKROOT = iphoneos;
				SWIFT_COMPILATION_MODE = wholemodule;
				SWIFT_OPTIMIZATION_LEVEL = "-O";
				VALIDATE_PRODUCT = YES;
			};
			name = Release;
		};
		75472398284CCE0200D3FD12 /* Debug */ = {
			isa = XCBuildConfiguration;
			buildSettings = {
				ASSETCATALOG_COMPILER_APPICON_NAME = AppIcon;
				ASSETCATALOG_COMPILER_GLOBAL_ACCENT_COLOR_NAME = AccentColor;
				CODE_SIGN_STYLE = Automatic;
				CURRENT_PROJECT_VERSION = 1;
				DEVELOPMENT_TEAM = 3NDPBHQ9PJ;
				GENERATE_INFOPLIST_FILE = YES;
				INFOPLIST_FILE = TableView_Lessons_IOSAcademy/Info.plist;
				INFOPLIST_KEY_UIApplicationSupportsIndirectInputEvents = YES;
				INFOPLIST_KEY_UILaunchStoryboardName = LaunchScreen;
				INFOPLIST_KEY_UIMainStoryboardFile = Main;
				INFOPLIST_KEY_UISupportedInterfaceOrientations_iPad = "UIInterfaceOrientationPortrait UIInterfaceOrientationPortraitUpsideDown UIInterfaceOrientationLandscapeLeft UIInterfaceOrientationLandscapeRight";
				INFOPLIST_KEY_UISupportedInterfaceOrientations_iPhone = "UIInterfaceOrientationPortrait UIInterfaceOrientationLandscapeLeft UIInterfaceOrientationLandscapeRight";
				LD_RUNPATH_SEARCH_PATHS = (
					"$(inherited)",
					"@executable_path/Frameworks",
				);
				MARKETING_VERSION = 1.0;
				PRODUCT_BUNDLE_IDENTIFIER = "ru.ArturDokhno.TableView-Lessons-IOSAcademy";
				PRODUCT_NAME = "$(TARGET_NAME)";
				SWIFT_EMIT_LOC_STRINGS = YES;
				SWIFT_VERSION = 5.0;
				TARGETED_DEVICE_FAMILY = "1,2";
			};
			name = Debug;
		};
		75472399284CCE0200D3FD12 /* Release */ = {
			isa = XCBuildConfiguration;
			buildSettings = {
				ASSETCATALOG_COMPILER_APPICON_NAME = AppIcon;
				ASSETCATALOG_COMPILER_GLOBAL_ACCENT_COLOR_NAME = AccentColor;
				CODE_SIGN_STYLE = Automatic;
				CURRENT_PROJECT_VERSION = 1;
				DEVELOPMENT_TEAM = 3NDPBHQ9PJ;
				GENERATE_INFOPLIST_FILE = YES;
				INFOPLIST_FILE = TableView_Lessons_IOSAcademy/Info.plist;
				INFOPLIST_KEY_UIApplicationSupportsIndirectInputEvents = YES;
				INFOPLIST_KEY_UILaunchStoryboardName = LaunchScreen;
				INFOPLIST_KEY_UIMainStoryboardFile = Main;
				INFOPLIST_KEY_UISupportedInterfaceOrientations_iPad = "UIInterfaceOrientationPortrait UIInterfaceOrientationPortraitUpsideDown UIInterfaceOrientationLandscapeLeft UIInterfaceOrientationLandscapeRight";
				INFOPLIST_KEY_UISupportedInterfaceOrientations_iPhone = "UIInterfaceOrientationPortrait UIInterfaceOrientationLandscapeLeft UIInterfaceOrientationLandscapeRight";
				LD_RUNPATH_SEARCH_PATHS = (
					"$(inherited)",
					"@executable_path/Frameworks",
				);
				MARKETING_VERSION = 1.0;
				PRODUCT_BUNDLE_IDENTIFIER = "ru.ArturDokhno.TableView-Lessons-IOSAcademy";
				PRODUCT_NAME = "$(TARGET_NAME)";
				SWIFT_EMIT_LOC_STRINGS = YES;
				SWIFT_VERSION = 5.0;
				TARGETED_DEVICE_FAMILY = "1,2";
			};
			name = Release;
		};
/* End XCBuildConfiguration section */

/* Begin XCConfigurationList section */
		7547237E284CCDFE00D3FD12 /* Build configuration list for PBXProject "TableView_Lessons_IOSAcademy" */ = {
			isa = XCConfigurationList;
			buildConfigurations = (
				75472395284CCE0200D3FD12 /* Debug */,
				75472396284CCE0200D3FD12 /* Release */,
			);
			defaultConfigurationIsVisible = 0;
			defaultConfigurationName = Release;
		};
		75472397284CCE0200D3FD12 /* Build configuration list for PBXNativeTarget "TableView_Lessons_IOSAcademy" */ = {
			isa = XCConfigurationList;
			buildConfigurations = (
				75472398284CCE0200D3FD12 /* Debug */,
				75472399284CCE0200D3FD12 /* Release */,
			);
			defaultConfigurationIsVisible = 0;
			defaultConfigurationName = Release;
		};
/* End XCConfigurationList section */
	};
	rootObject = 7547237B284CCDFE00D3FD12 /* Project object */;
}
